<?xml version="1.0" encoding="utf-8"?>
<Project ToolsVersion="4.0" xmlns="http://schemas.microsoft.com/developer/msbuild/2003">
  <ItemGroup>
    <Filter Include="Royal">
      <UniqueIdentifier>{2CC7090E-98DB-31BF-615D-D51ECD302EF0}</UniqueIdentifier>
    </Filter>
  </ItemGroup>
  <ItemGroup>
    <ClInclude Include="src\Royal.h" />
    <ClInclude Include="src\Royal\Application.h">
      <Filter>Royal</Filter>
    </ClInclude>
    <ClInclude Include="src\Royal\Core.h">
      <Filter>Royal</Filter>
    </ClInclude>
    <ClInclude Include="src\Royal\EntryPoint.h">
      <Filter>Royal</Filter>
    </ClInclude>
    <ClInclude Include="src\Royal\Log.h">
      <Filter>Royal</Filter>
    </ClInclude>
  </ItemGroup>
  <ItemGroup>
    <ClCompile Include="src\Royal\Application.cpp">
      <Filter>Royal</Filter>
    </ClCompile>
    <ClCompile Include="src\Royal\Log.cpp">
      <Filter>Royal</Filter>
    </ClCompile>
  </ItemGroup>
</Project>