<?xml version="1.0" encoding="utf-8"?>
<Project ToolsVersion="4.0" xmlns="http://schemas.microsoft.com/developer/msbuild/2003">
  <ItemGroup>
    <Filter Include="Platform">
      <UniqueIdentifier>{2AC788B4-1694-E3BF-3FAD-D1672BD9184E}</UniqueIdentifier>
    </Filter>
    <Filter Include="Platform\OpenGL">
      <UniqueIdentifier>{1E7D2C1D-8A08-9AE1-9319-1DD6FF23F6E1}</UniqueIdentifier>
    </Filter>
    <Filter Include="Platform\Windows">
      <UniqueIdentifier>{64FBD71A-50F4-F66C-7926-DCF1657ED678}</UniqueIdentifier>
    </Filter>
    <Filter Include="Royal">
      <UniqueIdentifier>{2CC7090E-98DB-31BF-615D-D51ECD302EF0}</UniqueIdentifier>
    </Filter>
    <Filter Include="Royal\Events">
      <UniqueIdentifier>{90292A5D-7C8C-B901-2512-F2B711548584}</UniqueIdentifier>
    </Filter>
    <Filter Include="Royal\ImGui">
      <UniqueIdentifier>{56ED0DE4-C2A2-86D9-4B97-80B0B74B7DDD}</UniqueIdentifier>
    </Filter>
  </ItemGroup>
  <ItemGroup>
    <ClInclude Include="src\Platform\OpenGL\ImGuiOpenGLRenderer.h">
      <Filter>Platform\OpenGL</Filter>
    </ClInclude>
    <ClInclude Include="src\Platform\Windows\WindowsInput.h">
      <Filter>Platform\Windows</Filter>
    </ClInclude>
    <ClInclude Include="src\Platform\Windows\WindowsWindow.h">
      <Filter>Platform\Windows</Filter>
    </ClInclude>
    <ClInclude Include="src\Royal.h" />
    <ClInclude Include="src\Royal\Application.h">
      <Filter>Royal</Filter>
    </ClInclude>
    <ClInclude Include="src\Royal\Core.h">
      <Filter>Royal</Filter>
    </ClInclude>
    <ClInclude Include="src\Royal\EntryPoint.h">
      <Filter>Royal</Filter>
    </ClInclude>
    <ClInclude Include="src\Royal\Events\ApplicationEvent.h">
      <Filter>Royal\Events</Filter>
    </ClInclude>
    <ClInclude Include="src\Royal\Events\Event.h">
      <Filter>Royal\Events</Filter>
    </ClInclude>
    <ClInclude Include="src\Royal\Events\KeyEvent.h">
      <Filter>Royal\Events</Filter>
    </ClInclude>
    <ClInclude Include="src\Royal\Events\MouseEvent.h">
      <Filter>Royal\Events</Filter>
    </ClInclude>
    <ClInclude Include="src\Royal\ImGui\ImGuiLayer.h">
      <Filter>Royal\ImGui</Filter>
    </ClInclude>
    <ClInclude Include="src\Royal\Input.h">
      <Filter>Royal</Filter>
    </ClInclude>
    <ClInclude Include="src\Royal\KeyCodes.h">
      <Filter>Royal</Filter>
    </ClInclude>
    <ClInclude Include="src\Royal\Layer.h">
      <Filter>Royal</Filter>
    </ClInclude>
    <ClInclude Include="src\Royal\LayerStack.h">
      <Filter>Royal</Filter>
    </ClInclude>
    <ClInclude Include="src\Royal\Log.h">
      <Filter>Royal</Filter>
    </ClInclude>
    <ClInclude Include="src\Royal\MouseButtonCodes.h">
      <Filter>Royal</Filter>
    </ClInclude>
    <ClInclude Include="src\Royal\Window.h">
      <Filter>Royal</Filter>
    </ClInclude>
    <ClInclude Include="src\rlpch.h" />
  </ItemGroup>
  <ItemGroup>
    <ClCompile Include="src\Platform\OpenGL\ImGuiOpenGLRenderer.cpp">
      <Filter>Platform\OpenGL</Filter>
    </ClCompile>
    <ClCompile Include="src\Platform\Windows\WindowsInput.cpp">
      <Filter>Platform\Windows</Filter>
    </ClCompile>
    <ClCompile Include="src\Platform\Windows\WindowsWindow.cpp">
      <Filter>Platform\Windows</Filter>
    </ClCompile>
    <ClCompile Include="src\Royal\Application.cpp">
      <Filter>Royal</Filter>
    </ClCompile>
    <ClCompile Include="src\Royal\ImGui\ImGuiLayer.cpp">
      <Filter>Royal\ImGui</Filter>
    </ClCompile>
    <ClCompile Include="src\Royal\Layer.cpp">
      <Filter>Royal</Filter>
    </ClCompile>
    <ClCompile Include="src\Royal\LayerStack.cpp">
      <Filter>Royal</Filter>
    </ClCompile>
    <ClCompile Include="src\Royal\Log.cpp">
      <Filter>Royal</Filter>
    </ClCompile>
    <ClCompile Include="src\rlpch.cpp" />
  </ItemGroup>
</Project>